
Microsoft Visual Studio Solution File, Format Version 12.00
# Visual Studio 2012
Project("{2150E333-8FDC-42A3-9474-1A3956D46DE8}") = "src", "src", "{6243069C-0710-4A0C-AFA8-3A96F9825AC8}"
EndProject
Project("{2150E333-8FDC-42A3-9474-1A3956D46DE8}") = "tests", "tests", "{074F2DBD-F7E8-463A-BABB-1CE219D8C20B}"
EndProject
Project("{FAE04EC0-301F-11D3-BF4B-00C04F79EFBC}") = "Curiosity.SPSS", "src\Curiosity.SPSS\Curiosity.SPSS.csproj", "{B5ABFF33-457B-4A6D-8AB3-58913DD1D0BB}"
EndProject
Project("{FAE04EC0-301F-11D3-BF4B-00C04F79EFBC}") = "Curiosity.SPSS.Tests", "tests\Curiosity.SPSS.Tests\Curiosity.SPSS.Tests.csproj", "{0549CFC4-D309-4B67-A6F7-155EB213E03A}"
EndProject
Global
	GlobalSection(SolutionConfigurationPlatforms) = preSolution
		Debug|Any CPU = Debug|Any CPU
		Debug|Mixed Platforms = Debug|Mixed Platforms
		Debug|x86 = Debug|x86
		Release|Any CPU = Release|Any CPU
		Release|Mixed Platforms = Release|Mixed Platforms
		Release|x86 = Release|x86
	EndGlobalSection
	GlobalSection(ProjectConfigurationPlatforms) = postSolution
		{B5ABFF33-457B-4A6D-8AB3-58913DD1D0BB}.Debug|Any CPU.ActiveCfg = Debug|Any CPU
		{B5ABFF33-457B-4A6D-8AB3-58913DD1D0BB}.Debug|Any CPU.Build.0 = Debug|Any CPU
		{B5ABFF33-457B-4A6D-8AB3-58913DD1D0BB}.Debug|Mixed Platforms.ActiveCfg = Debug|Any CPU
		{B5ABFF33-457B-4A6D-8AB3-58913DD1D0BB}.Debug|Mixed Platforms.Build.0 = Debug|Any CPU
		{B5ABFF33-457B-4A6D-8AB3-58913DD1D0BB}.Debug|x86.ActiveCfg = Debug|Any CPU
		{B5ABFF33-457B-4A6D-8AB3-58913DD1D0BB}.Debug|x86.Build.0 = Debug|Any CPU
		{B5ABFF33-457B-4A6D-8AB3-58913DD1D0BB}.Release|Any CPU.ActiveCfg = Release|Any CPU
		{B5ABFF33-457B-4A6D-8AB3-58913DD1D0BB}.Release|Any CPU.Build.0 = Release|Any CPU
		{B5ABFF33-457B-4A6D-8AB3-58913DD1D0BB}.Release|Mixed Platforms.ActiveCfg = Release|Any CPU
		{B5ABFF33-457B-4A6D-8AB3-58913DD1D0BB}.Release|Mixed Platforms.Build.0 = Release|Any CPU
		{B5ABFF33-457B-4A6D-8AB3-58913DD1D0BB}.Release|x86.ActiveCfg = Release|Any CPU
		{B5ABFF33-457B-4A6D-8AB3-58913DD1D0BB}.Release|x86.Build.0 = Release|Any CPU
		{0549CFC4-D309-4B67-A6F7-155EB213E03A}.Debug|Any CPU.ActiveCfg = Debug|Any CPU
		{0549CFC4-D309-4B67-A6F7-155EB213E03A}.Debug|Any CPU.Build.0 = Debug|Any CPU
		{0549CFC4-D309-4B67-A6F7-155EB213E03A}.Debug|Mixed Platforms.ActiveCfg = Debug|Any CPU
		{0549CFC4-D309-4B67-A6F7-155EB213E03A}.Debug|Mixed Platforms.Build.0 = Debug|Any CPU
		{0549CFC4-D309-4B67-A6F7-155EB213E03A}.Debug|x86.ActiveCfg = Debug|Any CPU
		{0549CFC4-D309-4B67-A6F7-155EB213E03A}.Debug|x86.Build.0 = Debug|Any CPU
		{0549CFC4-D309-4B67-A6F7-155EB213E03A}.Release|Any CPU.ActiveCfg = Release|Any CPU
		{0549CFC4-D309-4B67-A6F7-155EB213E03A}.Release|Any CPU.Build.0 = Release|Any CPU
		{0549CFC4-D309-4B67-A6F7-155EB213E03A}.Release|Mixed Platforms.ActiveCfg = Release|Any CPU
		{0549CFC4-D309-4B67-A6F7-155EB213E03A}.Release|Mixed Platforms.Build.0 = Release|Any CPU
		{0549CFC4-D309-4B67-A6F7-155EB213E03A}.Release|x86.ActiveCfg = Release|Any CPU
		{0549CFC4-D309-4B67-A6F7-155EB213E03A}.Release|x86.Build.0 = Release|Any CPU
	EndGlobalSection
	GlobalSection(SolutionProperties) = preSolution
		HideSolutionNode = FALSE
	EndGlobalSection
	GlobalSection(NestedProjects) = preSolution
		{B5ABFF33-457B-4A6D-8AB3-58913DD1D0BB} = {6243069C-0710-4A0C-AFA8-3A96F9825AC8}
		{0549CFC4-D309-4B67-A6F7-155EB213E03A} = {074F2DBD-F7E8-463A-BABB-1CE219D8C20B}
	EndGlobalSection
EndGlobal
