
Microsoft Visual Studio Solution File, Format Version 12.00
# Visual Studio Version 16
VisualStudioVersion = 16.0.29613.14
MinimumVisualStudioVersion = 10.0.40219.1
Project("{9A19103F-16F7-4668-BE54-9A1E7A4F7556}") = "SpssLib", "SpssLib\SpssLib.csproj", "{5F57E7BC-8D1B-47FE-92E7-E94847BF7F83}"
EndProject
Project("{FAE04EC0-301F-11D3-BF4B-00C04F79EFBC}") = "SpssLib.Test", "SpssLib.Test\SpssLib.Test.csproj", "{6F9DF2E7-003C-4A68-AD24-CCEEB7B04ACF}"
EndProject
Global
	GlobalSection(SolutionConfigurationPlatforms) = preSolution
		Debug|Any CPU = Debug|Any CPU
		Release|Any CPU = Release|Any CPU
	EndGlobalSection
	GlobalSection(ProjectConfigurationPlatforms) = postSolution
		{5F57E7BC-8D1B-47FE-92E7-E94847BF7F83}.Debug|Any CPU.ActiveCfg = Debug|Any CPU
		{5F57E7BC-8D1B-47FE-92E7-E94847BF7F83}.Debug|Any CPU.Build.0 = Debug|Any CPU
		{5F57E7BC-8D1B-47FE-92E7-E94847BF7F83}.Release|Any CPU.ActiveCfg = Release|Any CPU
		{5F57E7BC-8D1B-47FE-92E7-E94847BF7F83}.Release|Any CPU.Build.0 = Release|Any CPU
		{6F9DF2E7-003C-4A68-AD24-CCEEB7B04ACF}.Debug|Any CPU.ActiveCfg = Debug|Any CPU
		{6F9DF2E7-003C-4A68-AD24-CCEEB7B04ACF}.Debug|Any CPU.Build.0 = Debug|Any CPU
		{6F9DF2E7-003C-4A68-AD24-CCEEB7B04ACF}.Release|Any CPU.ActiveCfg = Release|Any CPU
		{6F9DF2E7-003C-4A68-AD24-CCEEB7B04ACF}.Release|Any CPU.Build.0 = Release|Any CPU
	EndGlobalSection
	GlobalSection(SolutionProperties) = preSolution
		HideSolutionNode = FALSE
	EndGlobalSection
	GlobalSection(ExtensibilityGlobals) = postSolution
		SolutionGuid = {9BF04E29-EA68-4C45-943E-6DC65C1987EE}
	EndGlobalSection
EndGlobal
